// !$*UTF8*$!
{
	archiveVersion = 1;
	classes = {
	};
	objectVersion = 51;
	objects = {

/* Begin PBXBuildFile section */
		8118CD3C23D09D2500D20E24 /* SettingsViewController.swift in Sources */ = {isa = PBXBuildFile; fileRef = 8118CD3623D09D2500D20E24 /* SettingsViewController.swift */; };
		8118CD4223D09D3B00D20E24 /* ListViewController.swift in Sources */ = {isa = PBXBuildFile; fileRef = 8118CD3F23D09D3B00D20E24 /* ListViewController.swift */; };
		8118CD4323D09D3B00D20E24 /* ListView.swift in Sources */ = {isa = PBXBuildFile; fileRef = 8118CD4023D09D3B00D20E24 /* ListView.swift */; };
		8118CD4423D09D3B00D20E24 /* ListTableViewCell.swift in Sources */ = {isa = PBXBuildFile; fileRef = 8118CD4123D09D3B00D20E24 /* ListTableViewCell.swift */; };
		8118CD4A23D0A39900D20E24 /* ListCellViewModel.swift in Sources */ = {isa = PBXBuildFile; fileRef = 8118CD4923D0A39900D20E24 /* ListCellViewModel.swift */; };
		8118CD4D23D5B75E00D20E24 /* ListSectionModel.swift in Sources */ = {isa = PBXBuildFile; fileRef = 8118CD4C23D5B75E00D20E24 /* ListSectionModel.swift */; };
		8120420823784A3C00027AD9 /* AppDelegate.swift in Sources */ = {isa = PBXBuildFile; fileRef = 8120420723784A3C00027AD9 /* AppDelegate.swift */; };
		8120420F23784A3D00027AD9 /* Assets.xcassets in Resources */ = {isa = PBXBuildFile; fileRef = 8120420E23784A3D00027AD9 /* Assets.xcassets */; };
		8120421223784A3D00027AD9 /* LaunchScreen.storyboard in Resources */ = {isa = PBXBuildFile; fileRef = 8120421023784A3D00027AD9 /* LaunchScreen.storyboard */; };
		8120421D23784A3D00027AD9 /* RxHWTests.swift in Sources */ = {isa = PBXBuildFile; fileRef = 8120421C23784A3D00027AD9 /* RxHWTests.swift */; };
		8120422823784A3D00027AD9 /* RxHWUITests.swift in Sources */ = {isa = PBXBuildFile; fileRef = 8120422723784A3D00027AD9 /* RxHWUITests.swift */; };
		81F6B31A239C25040085F4D2 /* DataStore.swift in Sources */ = {isa = PBXBuildFile; fileRef = 81F6B30D239C25040085F4D2 /* DataStore.swift */; };
		81F6B31B239C25040085F4D2 /* LoginViewModel.swift in Sources */ = {isa = PBXBuildFile; fileRef = 81F6B310239C25040085F4D2 /* LoginViewModel.swift */; };
		81F6B31C239C25040085F4D2 /* User.swift in Sources */ = {isa = PBXBuildFile; fileRef = 81F6B312239C25040085F4D2 /* User.swift */; };
		81F6B31D239C25040085F4D2 /* LoginView.swift in Sources */ = {isa = PBXBuildFile; fileRef = 81F6B314239C25040085F4D2 /* LoginView.swift */; };
		81F6B31E239C25040085F4D2 /* TextFieldView.swift in Sources */ = {isa = PBXBuildFile; fileRef = 81F6B315239C25040085F4D2 /* TextFieldView.swift */; };
		81F6B31F239C25040085F4D2 /* LoginViewController.swift in Sources */ = {isa = PBXBuildFile; fileRef = 81F6B316239C25040085F4D2 /* LoginViewController.swift */; };
		ACAE2F3A9307FE4750926C19 /* Pods_RxHWTests.framework in Frameworks */ = {isa = PBXBuildFile; fileRef = 34E16453FFB8083A8F2C214D /* Pods_RxHWTests.framework */; };
		BB6852698E79DE5EF7C0F2BF /* Pods_RxHW_RxHWUITests.framework in Frameworks */ = {isa = PBXBuildFile; fileRef = 0C31961CCB7D0C27DFCD72EC /* Pods_RxHW_RxHWUITests.framework */; };
		DB0F0B327B6318C0909B3BBC /* Pods_RxHW.framework in Frameworks */ = {isa = PBXBuildFile; fileRef = F3748130803AA531F888AB87 /* Pods_RxHW.framework */; };
/* End PBXBuildFile section */

/* Begin PBXContainerItemProxy section */
		8120421923784A3D00027AD9 /* PBXContainerItemProxy */ = {
			isa = PBXContainerItemProxy;
			containerPortal = 812041FC23784A3C00027AD9 /* Project object */;
			proxyType = 1;
			remoteGlobalIDString = 8120420323784A3C00027AD9;
			remoteInfo = RxHW;
		};
		8120422423784A3D00027AD9 /* PBXContainerItemProxy */ = {
			isa = PBXContainerItemProxy;
			containerPortal = 812041FC23784A3C00027AD9 /* Project object */;
			proxyType = 1;
			remoteGlobalIDString = 8120420323784A3C00027AD9;
			remoteInfo = RxHW;
		};
/* End PBXContainerItemProxy section */

/* Begin PBXFileReference section */
		0C31961CCB7D0C27DFCD72EC /* Pods_RxHW_RxHWUITests.framework */ = {isa = PBXFileReference; explicitFileType = wrapper.framework; includeInIndex = 0; path = Pods_RxHW_RxHWUITests.framework; sourceTree = BUILT_PRODUCTS_DIR; };
		14EF5327AB6CEA3470E69139 /* Pods-RxHW.release.xcconfig */ = {isa = PBXFileReference; includeInIndex = 1; lastKnownFileType = text.xcconfig; name = "Pods-RxHW.release.xcconfig"; path = "Target Support Files/Pods-RxHW/Pods-RxHW.release.xcconfig"; sourceTree = "<group>"; };
		34E16453FFB8083A8F2C214D /* Pods_RxHWTests.framework */ = {isa = PBXFileReference; explicitFileType = wrapper.framework; includeInIndex = 0; path = Pods_RxHWTests.framework; sourceTree = BUILT_PRODUCTS_DIR; };
		5A836A46457D807714A91092 /* Pods-RxHW-RxHWUITests.release.xcconfig */ = {isa = PBXFileReference; includeInIndex = 1; lastKnownFileType = text.xcconfig; name = "Pods-RxHW-RxHWUITests.release.xcconfig"; path = "Target Support Files/Pods-RxHW-RxHWUITests/Pods-RxHW-RxHWUITests.release.xcconfig"; sourceTree = "<group>"; };
		6394E8D3DC3AA639A248B605 /* Pods-RxHWTests.release.xcconfig */ = {isa = PBXFileReference; includeInIndex = 1; lastKnownFileType = text.xcconfig; name = "Pods-RxHWTests.release.xcconfig"; path = "Target Support Files/Pods-RxHWTests/Pods-RxHWTests.release.xcconfig"; sourceTree = "<group>"; };
		7F41DED55BB7B48F1B6119FF /* Pods-RxHW.debug.xcconfig */ = {isa = PBXFileReference; includeInIndex = 1; lastKnownFileType = text.xcconfig; name = "Pods-RxHW.debug.xcconfig"; path = "Target Support Files/Pods-RxHW/Pods-RxHW.debug.xcconfig"; sourceTree = "<group>"; };
		8118CD3623D09D2500D20E24 /* SettingsViewController.swift */ = {isa = PBXFileReference; fileEncoding = 4; lastKnownFileType = sourcecode.swift; path = SettingsViewController.swift; sourceTree = "<group>"; };
		8118CD3F23D09D3B00D20E24 /* ListViewController.swift */ = {isa = PBXFileReference; fileEncoding = 4; lastKnownFileType = sourcecode.swift; path = ListViewController.swift; sourceTree = "<group>"; };
		8118CD4023D09D3B00D20E24 /* ListView.swift */ = {isa = PBXFileReference; fileEncoding = 4; lastKnownFileType = sourcecode.swift; path = ListView.swift; sourceTree = "<group>"; };
		8118CD4123D09D3B00D20E24 /* ListTableViewCell.swift */ = {isa = PBXFileReference; fileEncoding = 4; lastKnownFileType = sourcecode.swift; path = ListTableViewCell.swift; sourceTree = "<group>"; };
		8118CD4923D0A39900D20E24 /* ListCellViewModel.swift */ = {isa = PBXFileReference; lastKnownFileType = sourcecode.swift; path = ListCellViewModel.swift; sourceTree = "<group>"; };
		8118CD4C23D5B75E00D20E24 /* ListSectionModel.swift */ = {isa = PBXFileReference; fileEncoding = 4; lastKnownFileType = sourcecode.swift; path = ListSectionModel.swift; sourceTree = "<group>"; };
		8120420423784A3C00027AD9 /* RxHW.app */ = {isa = PBXFileReference; explicitFileType = wrapper.application; includeInIndex = 0; path = RxHW.app; sourceTree = BUILT_PRODUCTS_DIR; };
		8120420723784A3C00027AD9 /* AppDelegate.swift */ = {isa = PBXFileReference; lastKnownFileType = sourcecode.swift; path = AppDelegate.swift; sourceTree = "<group>"; };
		8120420E23784A3D00027AD9 /* Assets.xcassets */ = {isa = PBXFileReference; lastKnownFileType = folder.assetcatalog; path = Assets.xcassets; sourceTree = "<group>"; };
		8120421123784A3D00027AD9 /* Base */ = {isa = PBXFileReference; lastKnownFileType = file.storyboard; name = Base; path = Base.lproj/LaunchScreen.storyboard; sourceTree = "<group>"; };
		8120421323784A3D00027AD9 /* Info.plist */ = {isa = PBXFileReference; lastKnownFileType = text.plist.xml; path = Info.plist; sourceTree = "<group>"; };
		8120421823784A3D00027AD9 /* RxHWTests.xctest */ = {isa = PBXFileReference; explicitFileType = wrapper.cfbundle; includeInIndex = 0; path = RxHWTests.xctest; sourceTree = BUILT_PRODUCTS_DIR; };
		8120421C23784A3D00027AD9 /* RxHWTests.swift */ = {isa = PBXFileReference; lastKnownFileType = sourcecode.swift; path = RxHWTests.swift; sourceTree = "<group>"; };
		8120421E23784A3D00027AD9 /* Info.plist */ = {isa = PBXFileReference; lastKnownFileType = text.plist.xml; path = Info.plist; sourceTree = "<group>"; };
		8120422323784A3D00027AD9 /* RxHWUITests.xctest */ = {isa = PBXFileReference; explicitFileType = wrapper.cfbundle; includeInIndex = 0; path = RxHWUITests.xctest; sourceTree = BUILT_PRODUCTS_DIR; };
		8120422723784A3D00027AD9 /* RxHWUITests.swift */ = {isa = PBXFileReference; lastKnownFileType = sourcecode.swift; path = RxHWUITests.swift; sourceTree = "<group>"; };
		8120422923784A3D00027AD9 /* Info.plist */ = {isa = PBXFileReference; lastKnownFileType = text.plist.xml; path = Info.plist; sourceTree = "<group>"; };
		81F6B30D239C25040085F4D2 /* DataStore.swift */ = {isa = PBXFileReference; fileEncoding = 4; lastKnownFileType = sourcecode.swift; path = DataStore.swift; sourceTree = "<group>"; };
		81F6B310239C25040085F4D2 /* LoginViewModel.swift */ = {isa = PBXFileReference; fileEncoding = 4; lastKnownFileType = sourcecode.swift; path = LoginViewModel.swift; sourceTree = "<group>"; };
		81F6B312239C25040085F4D2 /* User.swift */ = {isa = PBXFileReference; fileEncoding = 4; lastKnownFileType = sourcecode.swift; path = User.swift; sourceTree = "<group>"; };
		81F6B314239C25040085F4D2 /* LoginView.swift */ = {isa = PBXFileReference; fileEncoding = 4; lastKnownFileType = sourcecode.swift; path = LoginView.swift; sourceTree = "<group>"; };
		81F6B315239C25040085F4D2 /* TextFieldView.swift */ = {isa = PBXFileReference; fileEncoding = 4; lastKnownFileType = sourcecode.swift; path = TextFieldView.swift; sourceTree = "<group>"; };
		81F6B316239C25040085F4D2 /* LoginViewController.swift */ = {isa = PBXFileReference; fileEncoding = 4; lastKnownFileType = sourcecode.swift; path = LoginViewController.swift; sourceTree = "<group>"; };
		A1B661966C075C5D3A6963F1 /* Pods-RxHW-RxHWUITests.debug.xcconfig */ = {isa = PBXFileReference; includeInIndex = 1; lastKnownFileType = text.xcconfig; name = "Pods-RxHW-RxHWUITests.debug.xcconfig"; path = "Target Support Files/Pods-RxHW-RxHWUITests/Pods-RxHW-RxHWUITests.debug.xcconfig"; sourceTree = "<group>"; };
		C70F6A2089150FD8B4640D52 /* Pods-RxHWTests.debug.xcconfig */ = {isa = PBXFileReference; includeInIndex = 1; lastKnownFileType = text.xcconfig; name = "Pods-RxHWTests.debug.xcconfig"; path = "Target Support Files/Pods-RxHWTests/Pods-RxHWTests.debug.xcconfig"; sourceTree = "<group>"; };
		F3748130803AA531F888AB87 /* Pods_RxHW.framework */ = {isa = PBXFileReference; explicitFileType = wrapper.framework; includeInIndex = 0; path = Pods_RxHW.framework; sourceTree = BUILT_PRODUCTS_DIR; };
/* End PBXFileReference section */

/* Begin PBXFrameworksBuildPhase section */
		8120420123784A3C00027AD9 /* Frameworks */ = {
			isa = PBXFrameworksBuildPhase;
			buildActionMask = 2147483647;
			files = (
				DB0F0B327B6318C0909B3BBC /* Pods_RxHW.framework in Frameworks */,
			);
			runOnlyForDeploymentPostprocessing = 0;
		};
		8120421523784A3D00027AD9 /* Frameworks */ = {
			isa = PBXFrameworksBuildPhase;
			buildActionMask = 2147483647;
			files = (
				ACAE2F3A9307FE4750926C19 /* Pods_RxHWTests.framework in Frameworks */,
			);
			runOnlyForDeploymentPostprocessing = 0;
		};
		8120422023784A3D00027AD9 /* Frameworks */ = {
			isa = PBXFrameworksBuildPhase;
			buildActionMask = 2147483647;
			files = (
				BB6852698E79DE5EF7C0F2BF /* Pods_RxHW_RxHWUITests.framework in Frameworks */,
			);
			runOnlyForDeploymentPostprocessing = 0;
		};
/* End PBXFrameworksBuildPhase section */

/* Begin PBXGroup section */
		3210A1E527854039BC5C6D21 /* Frameworks */ = {
			isa = PBXGroup;
			children = (
				F3748130803AA531F888AB87 /* Pods_RxHW.framework */,
				0C31961CCB7D0C27DFCD72EC /* Pods_RxHW_RxHWUITests.framework */,
				34E16453FFB8083A8F2C214D /* Pods_RxHWTests.framework */,
			);
			name = Frameworks;
			sourceTree = "<group>";
		};
		3679453A663B15494384F500 /* Pods */ = {
			isa = PBXGroup;
			children = (
				7F41DED55BB7B48F1B6119FF /* Pods-RxHW.debug.xcconfig */,
				14EF5327AB6CEA3470E69139 /* Pods-RxHW.release.xcconfig */,
				A1B661966C075C5D3A6963F1 /* Pods-RxHW-RxHWUITests.debug.xcconfig */,
				5A836A46457D807714A91092 /* Pods-RxHW-RxHWUITests.release.xcconfig */,
				C70F6A2089150FD8B4640D52 /* Pods-RxHWTests.debug.xcconfig */,
				6394E8D3DC3AA639A248B605 /* Pods-RxHWTests.release.xcconfig */,
			);
			path = Pods;
			sourceTree = "<group>";
		};
		8118CD3523D09D2500D20E24 /* Settings */ = {
			isa = PBXGroup;
			children = (
				8118CD3623D09D2500D20E24 /* SettingsViewController.swift */,
			);
			path = Settings;
			sourceTree = "<group>";
		};
		8118CD3D23D09D3B00D20E24 /* List */ = {
			isa = PBXGroup;
			children = (
				8118CD4B23D5B73E00D20E24 /* Model */,
				8118CD4823D0A38100D20E24 /* ViewModel */,
				8118CD3E23D09D3B00D20E24 /* View */,
			);
			path = List;
			sourceTree = "<group>";
		};
		8118CD3E23D09D3B00D20E24 /* View */ = {
			isa = PBXGroup;
			children = (
				8118CD3F23D09D3B00D20E24 /* ListViewController.swift */,
				8118CD4023D09D3B00D20E24 /* ListView.swift */,
				8118CD4123D09D3B00D20E24 /* ListTableViewCell.swift */,
			);
			path = View;
			sourceTree = "<group>";
		};
		8118CD4823D0A38100D20E24 /* ViewModel */ = {
			isa = PBXGroup;
			children = (
				8118CD4923D0A39900D20E24 /* ListCellViewModel.swift */,
			);
			path = ViewModel;
			sourceTree = "<group>";
		};
		8118CD4B23D5B73E00D20E24 /* Model */ = {
			isa = PBXGroup;
			children = (
				8118CD4C23D5B75E00D20E24 /* ListSectionModel.swift */,
			);
			path = Model;
			sourceTree = "<group>";
		};
		812041FB23784A3C00027AD9 = {
			isa = PBXGroup;
			children = (
				8120420623784A3C00027AD9 /* RxHW */,
				8120421B23784A3D00027AD9 /* RxHWTests */,
				8120422623784A3D00027AD9 /* RxHWUITests */,
				8120420523784A3C00027AD9 /* Products */,
				3679453A663B15494384F500 /* Pods */,
				3210A1E527854039BC5C6D21 /* Frameworks */,
			);
			sourceTree = "<group>";
		};
		8120420523784A3C00027AD9 /* Products */ = {
			isa = PBXGroup;
			children = (
				8120420423784A3C00027AD9 /* RxHW.app */,
				8120421823784A3D00027AD9 /* RxHWTests.xctest */,
				8120422323784A3D00027AD9 /* RxHWUITests.xctest */,
			);
			name = Products;
			sourceTree = "<group>";
		};
		8120420623784A3C00027AD9 /* RxHW */ = {
			isa = PBXGroup;
			children = (
				8120420723784A3C00027AD9 /* AppDelegate.swift */,
				81F6B30C239C25040085F4D2 /* DataStore */,
				8118CD3523D09D2500D20E24 /* Settings */,
				8118CD3D23D09D3B00D20E24 /* List */,
				81F6B30E239C25040085F4D2 /* Login */,
				8120420E23784A3D00027AD9 /* Assets.xcassets */,
				8120421023784A3D00027AD9 /* LaunchScreen.storyboard */,
				8120421323784A3D00027AD9 /* Info.plist */,
			);
			path = RxHW;
			sourceTree = "<group>";
		};
		8120421B23784A3D00027AD9 /* RxHWTests */ = {
			isa = PBXGroup;
			children = (
				8120421C23784A3D00027AD9 /* RxHWTests.swift */,
				8120421E23784A3D00027AD9 /* Info.plist */,
			);
			path = RxHWTests;
			sourceTree = "<group>";
		};
		8120422623784A3D00027AD9 /* RxHWUITests */ = {
			isa = PBXGroup;
			children = (
				8120422723784A3D00027AD9 /* RxHWUITests.swift */,
				8120422923784A3D00027AD9 /* Info.plist */,
			);
			path = RxHWUITests;
			sourceTree = "<group>";
		};
		81F6B30C239C25040085F4D2 /* DataStore */ = {
			isa = PBXGroup;
			children = (
				81F6B30D239C25040085F4D2 /* DataStore.swift */,
			);
			path = DataStore;
			sourceTree = "<group>";
		};
		81F6B30E239C25040085F4D2 /* Login */ = {
			isa = PBXGroup;
			children = (
				81F6B30F239C25040085F4D2 /* ViewModel */,
				81F6B311239C25040085F4D2 /* Model */,
				81F6B313239C25040085F4D2 /* View */,
			);
			path = Login;
			sourceTree = "<group>";
		};
		81F6B30F239C25040085F4D2 /* ViewModel */ = {
			isa = PBXGroup;
			children = (
				81F6B310239C25040085F4D2 /* LoginViewModel.swift */,
			);
			path = ViewModel;
			sourceTree = "<group>";
		};
		81F6B311239C25040085F4D2 /* Model */ = {
			isa = PBXGroup;
			children = (
				81F6B312239C25040085F4D2 /* User.swift */,
			);
			path = Model;
			sourceTree = "<group>";
		};
		81F6B313239C25040085F4D2 /* View */ = {
			isa = PBXGroup;
			children = (
				81F6B314239C25040085F4D2 /* LoginView.swift */,
				81F6B315239C25040085F4D2 /* TextFieldView.swift */,
				81F6B316239C25040085F4D2 /* LoginViewController.swift */,
			);
			path = View;
			sourceTree = "<group>";
		};
/* End PBXGroup section */

/* Begin PBXNativeTarget section */
		8120420323784A3C00027AD9 /* RxHW */ = {
			isa = PBXNativeTarget;
			buildConfigurationList = 8120422C23784A3D00027AD9 /* Build configuration list for PBXNativeTarget "RxHW" */;
			buildPhases = (
				08149C2D2B19A6CC1A6200E0 /* [CP] Check Pods Manifest.lock */,
				8120420023784A3C00027AD9 /* Sources */,
				8120420123784A3C00027AD9 /* Frameworks */,
				8120420223784A3C00027AD9 /* Resources */,
				67546BA0C2CC309F5C9C7538 /* [CP] Embed Pods Frameworks */,
			);
			buildRules = (
			);
			dependencies = (
			);
			name = RxHW;
			productName = RxHW;
			productReference = 8120420423784A3C00027AD9 /* RxHW.app */;
			productType = "com.apple.product-type.application";
		};
		8120421723784A3D00027AD9 /* RxHWTests */ = {
			isa = PBXNativeTarget;
			buildConfigurationList = 8120422F23784A3D00027AD9 /* Build configuration list for PBXNativeTarget "RxHWTests" */;
			buildPhases = (
				F7C9B456A1D8E9540E3B20A8 /* [CP] Check Pods Manifest.lock */,
				8120421423784A3D00027AD9 /* Sources */,
				8120421523784A3D00027AD9 /* Frameworks */,
				8120421623784A3D00027AD9 /* Resources */,
			);
			buildRules = (
			);
			dependencies = (
				8120421A23784A3D00027AD9 /* PBXTargetDependency */,
			);
			name = RxHWTests;
			productName = RxHWTests;
			productReference = 8120421823784A3D00027AD9 /* RxHWTests.xctest */;
			productType = "com.apple.product-type.bundle.unit-test";
		};
		8120422223784A3D00027AD9 /* RxHWUITests */ = {
			isa = PBXNativeTarget;
			buildConfigurationList = 8120423223784A3D00027AD9 /* Build configuration list for PBXNativeTarget "RxHWUITests" */;
			buildPhases = (
				CA03EF77B4168E1A7B0225CC /* [CP] Check Pods Manifest.lock */,
				8120421F23784A3D00027AD9 /* Sources */,
				8120422023784A3D00027AD9 /* Frameworks */,
				8120422123784A3D00027AD9 /* Resources */,
				89D7F46B3E027E19378C3433 /* [CP] Embed Pods Frameworks */,
			);
			buildRules = (
			);
			dependencies = (
				8120422523784A3D00027AD9 /* PBXTargetDependency */,
			);
			name = RxHWUITests;
			productName = RxHWUITests;
			productReference = 8120422323784A3D00027AD9 /* RxHWUITests.xctest */;
			productType = "com.apple.product-type.bundle.ui-testing";
		};
/* End PBXNativeTarget section */

/* Begin PBXProject section */
		812041FC23784A3C00027AD9 /* Project object */ = {
			isa = PBXProject;
			attributes = {
				LastSwiftUpdateCheck = 1030;
				LastUpgradeCheck = 1030;
				ORGANIZATIONNAME = "Гузель Шарафутдинова";
				TargetAttributes = {
					8120420323784A3C00027AD9 = {
						CreatedOnToolsVersion = 10.3;
					};
					8120421723784A3D00027AD9 = {
						CreatedOnToolsVersion = 10.3;
						TestTargetID = 8120420323784A3C00027AD9;
					};
					8120422223784A3D00027AD9 = {
						CreatedOnToolsVersion = 10.3;
						TestTargetID = 8120420323784A3C00027AD9;
					};
				};
			};
			buildConfigurationList = 812041FF23784A3C00027AD9 /* Build configuration list for PBXProject "RxHW" */;
			compatibilityVersion = "Xcode 9.3";
			developmentRegion = en;
			hasScannedForEncodings = 0;
			knownRegions = (
				en,
				Base,
			);
			mainGroup = 812041FB23784A3C00027AD9;
			productRefGroup = 8120420523784A3C00027AD9 /* Products */;
			projectDirPath = "";
			projectRoot = "";
			targets = (
				8120420323784A3C00027AD9 /* RxHW */,
				8120421723784A3D00027AD9 /* RxHWTests */,
				8120422223784A3D00027AD9 /* RxHWUITests */,
			);
		};
/* End PBXProject section */

/* Begin PBXResourcesBuildPhase section */
		8120420223784A3C00027AD9 /* Resources */ = {
			isa = PBXResourcesBuildPhase;
			buildActionMask = 2147483647;
			files = (
				8120421223784A3D00027AD9 /* LaunchScreen.storyboard in Resources */,
				8120420F23784A3D00027AD9 /* Assets.xcassets in Resources */,
			);
			runOnlyForDeploymentPostprocessing = 0;
		};
		8120421623784A3D00027AD9 /* Resources */ = {
			isa = PBXResourcesBuildPhase;
			buildActionMask = 2147483647;
			files = (
			);
			runOnlyForDeploymentPostprocessing = 0;
		};
		8120422123784A3D00027AD9 /* Resources */ = {
			isa = PBXResourcesBuildPhase;
			buildActionMask = 2147483647;
			files = (
			);
			runOnlyForDeploymentPostprocessing = 0;
		};
/* End PBXResourcesBuildPhase section */

/* Begin PBXShellScriptBuildPhase section */
		08149C2D2B19A6CC1A6200E0 /* [CP] Check Pods Manifest.lock */ = {
			isa = PBXShellScriptBuildPhase;
			buildActionMask = 2147483647;
			files = (
			);
			inputFileListPaths = (
			);
			inputPaths = (
				"${PODS_PODFILE_DIR_PATH}/Podfile.lock",
				"${PODS_ROOT}/Manifest.lock",
			);
			name = "[CP] Check Pods Manifest.lock";
			outputFileListPaths = (
			);
			outputPaths = (
				"$(DERIVED_FILE_DIR)/Pods-RxHW-checkManifestLockResult.txt",
			);
			runOnlyForDeploymentPostprocessing = 0;
			shellPath = /bin/sh;
			shellScript = "diff \"${PODS_PODFILE_DIR_PATH}/Podfile.lock\" \"${PODS_ROOT}/Manifest.lock\" > /dev/null\nif [ $? != 0 ] ; then\n    # print error to STDERR\n    echo \"error: The sandbox is not in sync with the Podfile.lock. Run 'pod install' or update your CocoaPods installation.\" >&2\n    exit 1\nfi\n# This output is used by Xcode 'outputs' to avoid re-running this script phase.\necho \"SUCCESS\" > \"${SCRIPT_OUTPUT_FILE_0}\"\n";
			showEnvVarsInLog = 0;
		};
		67546BA0C2CC309F5C9C7538 /* [CP] Embed Pods Frameworks */ = {
			isa = PBXShellScriptBuildPhase;
			buildActionMask = 2147483647;
			files = (
			);
			inputFileListPaths = (
				"${PODS_ROOT}/Target Support Files/Pods-RxHW/Pods-RxHW-frameworks-${CONFIGURATION}-input-files.xcfilelist",
			);
			name = "[CP] Embed Pods Frameworks";
			outputFileListPaths = (
				"${PODS_ROOT}/Target Support Files/Pods-RxHW/Pods-RxHW-frameworks-${CONFIGURATION}-output-files.xcfilelist",
			);
			runOnlyForDeploymentPostprocessing = 0;
			shellPath = /bin/sh;
			shellScript = "\"${PODS_ROOT}/Target Support Files/Pods-RxHW/Pods-RxHW-frameworks.sh\"\n";
			showEnvVarsInLog = 0;
		};
		89D7F46B3E027E19378C3433 /* [CP] Embed Pods Frameworks */ = {
			isa = PBXShellScriptBuildPhase;
			buildActionMask = 2147483647;
			files = (
			);
			inputFileListPaths = (
				"${PODS_ROOT}/Target Support Files/Pods-RxHW-RxHWUITests/Pods-RxHW-RxHWUITests-frameworks-${CONFIGURATION}-input-files.xcfilelist",
			);
			name = "[CP] Embed Pods Frameworks";
			outputFileListPaths = (
				"${PODS_ROOT}/Target Support Files/Pods-RxHW-RxHWUITests/Pods-RxHW-RxHWUITests-frameworks-${CONFIGURATION}-output-files.xcfilelist",
			);
			runOnlyForDeploymentPostprocessing = 0;
			shellPath = /bin/sh;
			shellScript = "\"${PODS_ROOT}/Target Support Files/Pods-RxHW-RxHWUITests/Pods-RxHW-RxHWUITests-frameworks.sh\"\n";
			showEnvVarsInLog = 0;
		};
		CA03EF77B4168E1A7B0225CC /* [CP] Check Pods Manifest.lock */ = {
			isa = PBXShellScriptBuildPhase;
			buildActionMask = 2147483647;
			files = (
			);
			inputFileListPaths = (
			);
			inputPaths = (
				"${PODS_PODFILE_DIR_PATH}/Podfile.lock",
				"${PODS_ROOT}/Manifest.lock",
			);
			name = "[CP] Check Pods Manifest.lock";
			outputFileListPaths = (
			);
			outputPaths = (
				"$(DERIVED_FILE_DIR)/Pods-RxHW-RxHWUITests-checkManifestLockResult.txt",
			);
			runOnlyForDeploymentPostprocessing = 0;
			shellPath = /bin/sh;
			shellScript = "diff \"${PODS_PODFILE_DIR_PATH}/Podfile.lock\" \"${PODS_ROOT}/Manifest.lock\" > /dev/null\nif [ $? != 0 ] ; then\n    # print error to STDERR\n    echo \"error: The sandbox is not in sync with the Podfile.lock. Run 'pod install' or update your CocoaPods installation.\" >&2\n    exit 1\nfi\n# This output is used by Xcode 'outputs' to avoid re-running this script phase.\necho \"SUCCESS\" > \"${SCRIPT_OUTPUT_FILE_0}\"\n";
			showEnvVarsInLog = 0;
		};
		F7C9B456A1D8E9540E3B20A8 /* [CP] Check Pods Manifest.lock */ = {
			isa = PBXShellScriptBuildPhase;
			buildActionMask = 2147483647;
			files = (
			);
			inputFileListPaths = (
			);
			inputPaths = (
				"${PODS_PODFILE_DIR_PATH}/Podfile.lock",
				"${PODS_ROOT}/Manifest.lock",
			);
			name = "[CP] Check Pods Manifest.lock";
			outputFileListPaths = (
			);
			outputPaths = (
				"$(DERIVED_FILE_DIR)/Pods-RxHWTests-checkManifestLockResult.txt",
			);
			runOnlyForDeploymentPostprocessing = 0;
			shellPath = /bin/sh;
			shellScript = "diff \"${PODS_PODFILE_DIR_PATH}/Podfile.lock\" \"${PODS_ROOT}/Manifest.lock\" > /dev/null\nif [ $? != 0 ] ; then\n    # print error to STDERR\n    echo \"error: The sandbox is not in sync with the Podfile.lock. Run 'pod install' or update your CocoaPods installation.\" >&2\n    exit 1\nfi\n# This output is used by Xcode 'outputs' to avoid re-running this script phase.\necho \"SUCCESS\" > \"${SCRIPT_OUTPUT_FILE_0}\"\n";
			showEnvVarsInLog = 0;
		};
/* End PBXShellScriptBuildPhase section */

/* Begin PBXSourcesBuildPhase section */
		8120420023784A3C00027AD9 /* Sources */ = {
			isa = PBXSourcesBuildPhase;
			buildActionMask = 2147483647;
			files = (
				8118CD4423D09D3B00D20E24 /* ListTableViewCell.swift in Sources */,
				81F6B31F239C25040085F4D2 /* LoginViewController.swift in Sources */,
				8118CD4D23D5B75E00D20E24 /* ListSectionModel.swift in Sources */,
				81F6B31D239C25040085F4D2 /* LoginView.swift in Sources */,
				8118CD4323D09D3B00D20E24 /* ListView.swift in Sources */,
				81F6B31E239C25040085F4D2 /* TextFieldView.swift in Sources */,
				81F6B31A239C25040085F4D2 /* DataStore.swift in Sources */,
				81F6B31C239C25040085F4D2 /* User.swift in Sources */,
				8118CD4223D09D3B00D20E24 /* ListViewController.swift in Sources */,
				8118CD4A23D0A39900D20E24 /* ListCellViewModel.swift in Sources */,
				8120420823784A3C00027AD9 /* AppDelegate.swift in Sources */,
				8118CD3C23D09D2500D20E24 /* SettingsViewController.swift in Sources */,
				81F6B31B239C25040085F4D2 /* LoginViewModel.swift in Sources */,
			);
			runOnlyForDeploymentPostprocessing = 0;
		};
		8120421423784A3D00027AD9 /* Sources */ = {
			isa = PBXSourcesBuildPhase;
			buildActionMask = 2147483647;
			files = (
				8120421D23784A3D00027AD9 /* RxHWTests.swift in Sources */,
			);
			runOnlyForDeploymentPostprocessing = 0;
		};
		8120421F23784A3D00027AD9 /* Sources */ = {
			isa = PBXSourcesBuildPhase;
			buildActionMask = 2147483647;
			files = (
				8120422823784A3D00027AD9 /* RxHWUITests.swift in Sources */,
			);
			runOnlyForDeploymentPostprocessing = 0;
		};
/* End PBXSourcesBuildPhase section */

/* Begin PBXTargetDependency section */
		8120421A23784A3D00027AD9 /* PBXTargetDependency */ = {
			isa = PBXTargetDependency;
			target = 8120420323784A3C00027AD9 /* RxHW */;
			targetProxy = 8120421923784A3D00027AD9 /* PBXContainerItemProxy */;
		};
		8120422523784A3D00027AD9 /* PBXTargetDependency */ = {
			isa = PBXTargetDependency;
			target = 8120420323784A3C00027AD9 /* RxHW */;
			targetProxy = 8120422423784A3D00027AD9 /* PBXContainerItemProxy */;
		};
/* End PBXTargetDependency section */

/* Begin PBXVariantGroup section */
		8120421023784A3D00027AD9 /* LaunchScreen.storyboard */ = {
			isa = PBXVariantGroup;
			children = (
				8120421123784A3D00027AD9 /* Base */,
			);
			name = LaunchScreen.storyboard;
			sourceTree = "<group>";
		};
/* End PBXVariantGroup section */

/* Begin XCBuildConfiguration section */
		8120422A23784A3D00027AD9 /* Debug */ = {
			isa = XCBuildConfiguration;
			buildSettings = {
				ALWAYS_SEARCH_USER_PATHS = NO;
				CLANG_ANALYZER_NONNULL = YES;
				CLANG_ANALYZER_NUMBER_OBJECT_CONVERSION = YES_AGGRESSIVE;
				CLANG_CXX_LANGUAGE_STANDARD = "gnu++14";
				CLANG_CXX_LIBRARY = "libc++";
				CLANG_ENABLE_MODULES = YES;
				CLANG_ENABLE_OBJC_ARC = YES;
				CLANG_ENABLE_OBJC_WEAK = YES;
				CLANG_WARN_BLOCK_CAPTURE_AUTORELEASING = YES;
				CLANG_WARN_BOOL_CONVERSION = YES;
				CLANG_WARN_COMMA = YES;
				CLANG_WARN_CONSTANT_CONVERSION = YES;
				CLANG_WARN_DEPRECATED_OBJC_IMPLEMENTATIONS = YES;
				CLANG_WARN_DIRECT_OBJC_ISA_USAGE = YES_ERROR;
				CLANG_WARN_DOCUMENTATION_COMMENTS = YES;
				CLANG_WARN_EMPTY_BODY = YES;
				CLANG_WARN_ENUM_CONVERSION = YES;
				CLANG_WARN_INFINITE_RECURSION = YES;
				CLANG_WARN_INT_CONVERSION = YES;
				CLANG_WARN_NON_LITERAL_NULL_CONVERSION = YES;
				CLANG_WARN_OBJC_IMPLICIT_RETAIN_SELF = YES;
				CLANG_WARN_OBJC_LITERAL_CONVERSION = YES;
				CLANG_WARN_OBJC_ROOT_CLASS = YES_ERROR;
				CLANG_WARN_RANGE_LOOP_ANALYSIS = YES;
				CLANG_WARN_STRICT_PROTOTYPES = YES;
				CLANG_WARN_SUSPICIOUS_MOVE = YES;
				CLANG_WARN_UNGUARDED_AVAILABILITY = YES_AGGRESSIVE;
				CLANG_WARN_UNREACHABLE_CODE = YES;
				CLANG_WARN__DUPLICATE_METHOD_MATCH = YES;
				CODE_SIGN_IDENTITY = "iPhone Developer";
				COPY_PHASE_STRIP = NO;
				DEBUG_INFORMATION_FORMAT = dwarf;
				ENABLE_STRICT_OBJC_MSGSEND = YES;
				ENABLE_TESTABILITY = YES;
				GCC_C_LANGUAGE_STANDARD = gnu11;
				GCC_DYNAMIC_NO_PIC = NO;
				GCC_NO_COMMON_BLOCKS = YES;
				GCC_OPTIMIZATION_LEVEL = 0;
				GCC_PREPROCESSOR_DEFINITIONS = (
					"DEBUG=1",
					"$(inherited)",
				);
				GCC_WARN_64_TO_32_BIT_CONVERSION = YES;
				GCC_WARN_ABOUT_RETURN_TYPE = YES_ERROR;
				GCC_WARN_UNDECLARED_SELECTOR = YES;
				GCC_WARN_UNINITIALIZED_AUTOS = YES_AGGRESSIVE;
				GCC_WARN_UNUSED_FUNCTION = YES;
				GCC_WARN_UNUSED_VARIABLE = YES;
				IPHONEOS_DEPLOYMENT_TARGET = 12.4;
				MTL_ENABLE_DEBUG_INFO = INCLUDE_SOURCE;
				MTL_FAST_MATH = YES;
				ONLY_ACTIVE_ARCH = YES;
				SDKROOT = iphoneos;
				SWIFT_ACTIVE_COMPILATION_CONDITIONS = DEBUG;
				SWIFT_OPTIMIZATION_LEVEL = "-Onone";
			};
			name = Debug;
		};
		8120422B23784A3D00027AD9 /* Release */ = {
			isa = XCBuildConfiguration;
			buildSettings = {
				ALWAYS_SEARCH_USER_PATHS = NO;
				CLANG_ANALYZER_NONNULL = YES;
				CLANG_ANALYZER_NUMBER_OBJECT_CONVERSION = YES_AGGRESSIVE;
				CLANG_CXX_LANGUAGE_STANDARD = "gnu++14";
				CLANG_CXX_LIBRARY = "libc++";
				CLANG_ENABLE_MODULES = YES;
				CLANG_ENABLE_OBJC_ARC = YES;
				CLANG_ENABLE_OBJC_WEAK = YES;
				CLANG_WARN_BLOCK_CAPTURE_AUTORELEASING = YES;
				CLANG_WARN_BOOL_CONVERSION = YES;
				CLANG_WARN_COMMA = YES;
				CLANG_WARN_CONSTANT_CONVERSION = YES;
				CLANG_WARN_DEPRECATED_OBJC_IMPLEMENTATIONS = YES;
				CLANG_WARN_DIRECT_OBJC_ISA_USAGE = YES_ERROR;
				CLANG_WARN_DOCUMENTATION_COMMENTS = YES;
				CLANG_WARN_EMPTY_BODY = YES;
				CLANG_WARN_ENUM_CONVERSION = YES;
				CLANG_WARN_INFINITE_RECURSION = YES;
				CLANG_WARN_INT_CONVERSION = YES;
				CLANG_WARN_NON_LITERAL_NULL_CONVERSION = YES;
				CLANG_WARN_OBJC_IMPLICIT_RETAIN_SELF = YES;
				CLANG_WARN_OBJC_LITERAL_CONVERSION = YES;
				CLANG_WARN_OBJC_ROOT_CLASS = YES_ERROR;
				CLANG_WARN_RANGE_LOOP_ANALYSIS = YES;
				CLANG_WARN_STRICT_PROTOTYPES = YES;
				CLANG_WARN_SUSPICIOUS_MOVE = YES;
				CLANG_WARN_UNGUARDED_AVAILABILITY = YES_AGGRESSIVE;
				CLANG_WARN_UNREACHABLE_CODE = YES;
				CLANG_WARN__DUPLICATE_METHOD_MATCH = YES;
				CODE_SIGN_IDENTITY = "iPhone Developer";
				COPY_PHASE_STRIP = NO;
				DEBUG_INFORMATION_FORMAT = "dwarf-with-dsym";
				ENABLE_NS_ASSERTIONS = NO;
				ENABLE_STRICT_OBJC_MSGSEND = YES;
				GCC_C_LANGUAGE_STANDARD = gnu11;
				GCC_NO_COMMON_BLOCKS = YES;
				GCC_WARN_64_TO_32_BIT_CONVERSION = YES;
				GCC_WARN_ABOUT_RETURN_TYPE = YES_ERROR;
				GCC_WARN_UNDECLARED_SELECTOR = YES;
				GCC_WARN_UNINITIALIZED_AUTOS = YES_AGGRESSIVE;
				GCC_WARN_UNUSED_FUNCTION = YES;
				GCC_WARN_UNUSED_VARIABLE = YES;
				IPHONEOS_DEPLOYMENT_TARGET = 12.4;
				MTL_ENABLE_DEBUG_INFO = NO;
				MTL_FAST_MATH = YES;
				SDKROOT = iphoneos;
				SWIFT_COMPILATION_MODE = wholemodule;
				SWIFT_OPTIMIZATION_LEVEL = "-O";
				VALIDATE_PRODUCT = YES;
			};
			name = Release;
		};
		8120422D23784A3D00027AD9 /* Debug */ = {
			isa = XCBuildConfiguration;
			baseConfigurationReference = 7F41DED55BB7B48F1B6119FF /* Pods-RxHW.debug.xcconfig */;
			buildSettings = {
				ASSETCATALOG_COMPILER_APPICON_NAME = AppIcon;
				CODE_SIGN_STYLE = Automatic;
				DEVELOPMENT_TEAM = H9M9JGU32C;
				INFOPLIST_FILE = RxHW/Info.plist;
				LD_RUNPATH_SEARCH_PATHS = (
					"$(inherited)",
					"@executable_path/Frameworks",
				);
				PRODUCT_BUNDLE_IDENTIFIER = guzel.RxHW;
				PRODUCT_NAME = "$(TARGET_NAME)";
				SWIFT_VERSION = 5.0;
				TARGETED_DEVICE_FAMILY = "1,2";
			};
			name = Debug;
		};
		8120422E23784A3D00027AD9 /* Release */ = {
			isa = XCBuildConfiguration;
			baseConfigurationReference = 14EF5327AB6CEA3470E69139 /* Pods-RxHW.release.xcconfig */;
			buildSettings = {
				ASSETCATALOG_COMPILER_APPICON_NAME = AppIcon;
				CODE_SIGN_STYLE = Automatic;
				DEVELOPMENT_TEAM = H9M9JGU32C;
				INFOPLIST_FILE = RxHW/Info.plist;
				LD_RUNPATH_SEARCH_PATHS = (
					"$(inherited)",
					"@executable_path/Frameworks",
				);
				PRODUCT_BUNDLE_IDENTIFIER = guzel.RxHW;
				PRODUCT_NAME = "$(TARGET_NAME)";
				SWIFT_VERSION = 5.0;
				TARGETED_DEVICE_FAMILY = "1,2";
			};
			name = Release;
		};
		8120423023784A3D00027AD9 /* Debug */ = {
			isa = XCBuildConfiguration;
			baseConfigurationReference = C70F6A2089150FD8B4640D52 /* Pods-RxHWTests.debug.xcconfig */;
			buildSettings = {
				ALWAYS_EMBED_SWIFT_STANDARD_LIBRARIES = YES;
				BUNDLE_LOADER = "$(TEST_HOST)";
				CODE_SIGN_STYLE = Automatic;
				INFOPLIST_FILE = RxHWTests/Info.plist;
				LD_RUNPATH_SEARCH_PATHS = (
					"$(inherited)",
					"@executable_path/Frameworks",
					"@loader_path/Frameworks",
				);
				PRODUCT_BUNDLE_IDENTIFIER = guzel.RxHWTests;
				PRODUCT_NAME = "$(TARGET_NAME)";
				SWIFT_VERSION = 5.0;
				TARGETED_DEVICE_FAMILY = "1,2";
				TEST_HOST = "$(BUILT_PRODUCTS_DIR)/RxHW.app/RxHW";
			};
			name = Debug;
		};
		8120423123784A3D00027AD9 /* Release */ = {
			isa = XCBuildConfiguration;
			baseConfigurationReference = 6394E8D3DC3AA639A248B605 /* Pods-RxHWTests.release.xcconfig */;
			buildSettings = {
				ALWAYS_EMBED_SWIFT_STANDARD_LIBRARIES = YES;
				BUNDLE_LOADER = "$(TEST_HOST)";
				CODE_SIGN_STYLE = Automatic;
				INFOPLIST_FILE = RxHWTests/Info.plist;
				LD_RUNPATH_SEARCH_PATHS = (
					"$(inherited)",
					"@executable_path/Frameworks",
					"@loader_path/Frameworks",
				);
				PRODUCT_BUNDLE_IDENTIFIER = guzel.RxHWTests;
				PRODUCT_NAME = "$(TARGET_NAME)";
				SWIFT_VERSION = 5.0;
				TARGETED_DEVICE_FAMILY = "1,2";
				TEST_HOST = "$(BUILT_PRODUCTS_DIR)/RxHW.app/RxHW";
			};
			name = Release;
		};
		8120423323784A3D00027AD9 /* Debug */ = {
			isa = XCBuildConfiguration;
			baseConfigurationReference = A1B661966C075C5D3A6963F1 /* Pods-RxHW-RxHWUITests.debug.xcconfig */;
			buildSettings = {
				ALWAYS_EMBED_SWIFT_STANDARD_LIBRARIES = YES;
				CODE_SIGN_STYLE = Automatic;
				INFOPLIST_FILE = RxHWUITests/Info.plist;
				LD_RUNPATH_SEARCH_PATHS = (
					"$(inherited)",
					"@executable_path/Frameworks",
					"@loader_path/Frameworks",
				);
				PRODUCT_BUNDLE_IDENTIFIER = guzel.RxHWUITests;
				PRODUCT_NAME = "$(TARGET_NAME)";
				SWIFT_VERSION = 5.0;
				TARGETED_DEVICE_FAMILY = "1,2";
				TEST_TARGET_NAME = RxHW;
			};
			name = Debug;
		};
		8120423423784A3D00027AD9 /* Release */ = {
			isa = XCBuildConfiguration;
			baseConfigurationReference = 5A836A46457D807714A91092 /* Pods-RxHW-RxHWUITests.release.xcconfig */;
			buildSettings = {
				ALWAYS_EMBED_SWIFT_STANDARD_LIBRARIES = YES;
				CODE_SIGN_STYLE = Automatic;
				INFOPLIST_FILE = RxHWUITests/Info.plist;
				LD_RUNPATH_SEARCH_PATHS = (
					"$(inherited)",
					"@executable_path/Frameworks",
					"@loader_path/Frameworks",
				);
				PRODUCT_BUNDLE_IDENTIFIER = guzel.RxHWUITests;
				PRODUCT_NAME = "$(TARGET_NAME)";
				SWIFT_VERSION = 5.0;
				TARGETED_DEVICE_FAMILY = "1,2";
				TEST_TARGET_NAME = RxHW;
			};
			name = Release;
		};
/* End XCBuildConfiguration section */

/* Begin XCConfigurationList section */
		812041FF23784A3C00027AD9 /* Build configuration list for PBXProject "RxHW" */ = {
			isa = XCConfigurationList;
			buildConfigurations = (
				8120422A23784A3D00027AD9 /* Debug */,
				8120422B23784A3D00027AD9 /* Release */,
			);
			defaultConfigurationIsVisible = 0;
			defaultConfigurationName = Release;
		};
		8120422C23784A3D00027AD9 /* Build configuration list for PBXNativeTarget "RxHW" */ = {
			isa = XCConfigurationList;
			buildConfigurations = (
				8120422D23784A3D00027AD9 /* Debug */,
				8120422E23784A3D00027AD9 /* Release */,
			);
			defaultConfigurationIsVisible = 0;
			defaultConfigurationName = Release;
		};
		8120422F23784A3D00027AD9 /* Build configuration list for PBXNativeTarget "RxHWTests" */ = {
			isa = XCConfigurationList;
			buildConfigurations = (
				8120423023784A3D00027AD9 /* Debug */,
				8120423123784A3D00027AD9 /* Release */,
			);
			defaultConfigurationIsVisible = 0;
			defaultConfigurationName = Release;
		};
		8120423223784A3D00027AD9 /* Build configuration list for PBXNativeTarget "RxHWUITests" */ = {
			isa = XCConfigurationList;
			buildConfigurations = (
				8120423323784A3D00027AD9 /* Debug */,
				8120423423784A3D00027AD9 /* Release */,
			);
			defaultConfigurationIsVisible = 0;
			defaultConfigurationName = Release;
		};
/* End XCConfigurationList section */
	};
	rootObject = 812041FC23784A3C00027AD9 /* Project object */;
}
